
Microsoft Visual Studio Solution File, Format Version 12.00
# Visual Studio Version 17
VisualStudioVersion = 17.8.34525.116
MinimumVisualStudioVersion = 10.0.40219.1
Project("{9A19103F-16F7-4668-BE54-9A1E7A4F7556}") = "Keys and Rooms", "Keys and Rooms\Keys and Rooms.csproj", "{27A4B118-37F4-4258-A680-295CE92D2D2A}"
EndProject
Project("{9A19103F-16F7-4668-BE54-9A1E7A4F7556}") = "Number of Provinces", "Number of Provinces\Number of Provinces.csproj", "{2EA46EA0-6079-45C9-8B52-B1FB07E5A6E5}"
EndProject
Project("{9A19103F-16F7-4668-BE54-9A1E7A4F7556}") = "Reorder Routes to Make All Paths Lead to the City Zero", "Reorder Routes to Make All Paths Lead to the City Zero\Reorder Routes to Make All Paths Lead to the City Zero.csproj", "{1896CFFB-B55E-4681-89E4-A6971D14A02B}"
EndProject
Project("{FAE04EC0-301F-11D3-BF4B-00C04F79EFBC}") = "Evaluate Division", "Evaluate Division\Evaluate Division.csproj", "{10CFC5FE-662B-4083-A2F9-06B5BB4F092F}"
EndProject
Global
	GlobalSection(SolutionConfigurationPlatforms) = preSolution
		Debug|Any CPU = Debug|Any CPU
		Release|Any CPU = Release|Any CPU
	EndGlobalSection
	GlobalSection(ProjectConfigurationPlatforms) = postSolution
		{27A4B118-37F4-4258-A680-295CE92D2D2A}.Debug|Any CPU.ActiveCfg = Debug|Any CPU
		{27A4B118-37F4-4258-A680-295CE92D2D2A}.Debug|Any CPU.Build.0 = Debug|Any CPU
		{27A4B118-37F4-4258-A680-295CE92D2D2A}.Release|Any CPU.ActiveCfg = Release|Any CPU
		{27A4B118-37F4-4258-A680-295CE92D2D2A}.Release|Any CPU.Build.0 = Release|Any CPU
		{2EA46EA0-6079-45C9-8B52-B1FB07E5A6E5}.Debug|Any CPU.ActiveCfg = Debug|Any CPU
		{2EA46EA0-6079-45C9-8B52-B1FB07E5A6E5}.Debug|Any CPU.Build.0 = Debug|Any CPU
		{2EA46EA0-6079-45C9-8B52-B1FB07E5A6E5}.Release|Any CPU.ActiveCfg = Release|Any CPU
		{2EA46EA0-6079-45C9-8B52-B1FB07E5A6E5}.Release|Any CPU.Build.0 = Release|Any CPU
		{1896CFFB-B55E-4681-89E4-A6971D14A02B}.Debug|Any CPU.ActiveCfg = Debug|Any CPU
		{1896CFFB-B55E-4681-89E4-A6971D14A02B}.Debug|Any CPU.Build.0 = Debug|Any CPU
		{1896CFFB-B55E-4681-89E4-A6971D14A02B}.Release|Any CPU.ActiveCfg = Release|Any CPU
		{1896CFFB-B55E-4681-89E4-A6971D14A02B}.Release|Any CPU.Build.0 = Release|Any CPU
		{10CFC5FE-662B-4083-A2F9-06B5BB4F092F}.Debug|Any CPU.ActiveCfg = Debug|Any CPU
		{10CFC5FE-662B-4083-A2F9-06B5BB4F092F}.Debug|Any CPU.Build.0 = Debug|Any CPU
		{10CFC5FE-662B-4083-A2F9-06B5BB4F092F}.Release|Any CPU.ActiveCfg = Release|Any CPU
		{10CFC5FE-662B-4083-A2F9-06B5BB4F092F}.Release|Any CPU.Build.0 = Release|Any CPU
	EndGlobalSection
	GlobalSection(SolutionProperties) = preSolution
		HideSolutionNode = FALSE
	EndGlobalSection
	GlobalSection(ExtensibilityGlobals) = postSolution
		SolutionGuid = {50DD4585-3791-44B6-8B15-7B1171164320}
	EndGlobalSection
EndGlobal
