
Microsoft Visual Studio Solution File, Format Version 12.00
# Visual Studio Version 17
VisualStudioVersion = 17.8.34525.116
MinimumVisualStudioVersion = 10.0.40219.1
Project("{FAE04EC0-301F-11D3-BF4B-00C04F79EFBC}") = "Number of Recent Calls", "Number of Recent Calls\Number of Recent Calls.csproj", "{C1351233-46BA-4619-988B-88C01EC05020}"
EndProject
Project("{FAE04EC0-301F-11D3-BF4B-00C04F79EFBC}") = "Dota2 Senate", "Dota2 Senate\Dota2 Senate.csproj", "{2F004CF4-0965-4381-8DF1-B875692A3AFC}"
EndProject
Global
	GlobalSection(SolutionConfigurationPlatforms) = preSolution
		Debug|Any CPU = Debug|Any CPU
		Release|Any CPU = Release|Any CPU
	EndGlobalSection
	GlobalSection(ProjectConfigurationPlatforms) = postSolution
		{C1351233-46BA-4619-988B-88C01EC05020}.Debug|Any CPU.ActiveCfg = Debug|Any CPU
		{C1351233-46BA-4619-988B-88C01EC05020}.Debug|Any CPU.Build.0 = Debug|Any CPU
		{C1351233-46BA-4619-988B-88C01EC05020}.Release|Any CPU.ActiveCfg = Release|Any CPU
		{C1351233-46BA-4619-988B-88C01EC05020}.Release|Any CPU.Build.0 = Release|Any CPU
		{2F004CF4-0965-4381-8DF1-B875692A3AFC}.Debug|Any CPU.ActiveCfg = Debug|Any CPU
		{2F004CF4-0965-4381-8DF1-B875692A3AFC}.Debug|Any CPU.Build.0 = Debug|Any CPU
		{2F004CF4-0965-4381-8DF1-B875692A3AFC}.Release|Any CPU.ActiveCfg = Release|Any CPU
		{2F004CF4-0965-4381-8DF1-B875692A3AFC}.Release|Any CPU.Build.0 = Release|Any CPU
	EndGlobalSection
	GlobalSection(SolutionProperties) = preSolution
		HideSolutionNode = FALSE
	EndGlobalSection
	GlobalSection(ExtensibilityGlobals) = postSolution
		SolutionGuid = {C9690255-E6D8-4846-9206-7E8D02FA9DFB}
	EndGlobalSection
EndGlobal
