
Microsoft Visual Studio Solution File, Format Version 12.00
# Visual Studio Version 17
VisualStudioVersion = 17.8.34525.116
MinimumVisualStudioVersion = 10.0.40219.1
Project("{9A19103F-16F7-4668-BE54-9A1E7A4F7556}") = "Guess Number Higher or Lower", "Guess Number Higher or Lower\Guess Number Higher or Lower.csproj", "{420F85E2-A01A-4FE2-B887-B9B29C883A47}"
EndProject
Project("{9A19103F-16F7-4668-BE54-9A1E7A4F7556}") = "Successful Pairs of Spells and Potions", "Successful Pairs of Spells and Potions\Successful Pairs of Spells and Potions.csproj", "{5FA89CC8-A6F6-4C3A-9F2C-94A0F3F08C54}"
EndProject
Project("{9A19103F-16F7-4668-BE54-9A1E7A4F7556}") = "Find Peak Element", "Find Peak Element\Find Peak Element.csproj", "{AF165F03-0772-485C-A147-241D2FECC2B8}"
EndProject
Project("{FAE04EC0-301F-11D3-BF4B-00C04F79EFBC}") = "Koko Eating Bananas", "Koko Eating Bananas\Koko Eating Bananas.csproj", "{3FA283A0-4557-4C97-AF0F-51DD59EA2CF5}"
EndProject
Global
	GlobalSection(SolutionConfigurationPlatforms) = preSolution
		Debug|Any CPU = Debug|Any CPU
		Release|Any CPU = Release|Any CPU
	EndGlobalSection
	GlobalSection(ProjectConfigurationPlatforms) = postSolution
		{420F85E2-A01A-4FE2-B887-B9B29C883A47}.Debug|Any CPU.ActiveCfg = Debug|Any CPU
		{420F85E2-A01A-4FE2-B887-B9B29C883A47}.Debug|Any CPU.Build.0 = Debug|Any CPU
		{420F85E2-A01A-4FE2-B887-B9B29C883A47}.Release|Any CPU.ActiveCfg = Release|Any CPU
		{420F85E2-A01A-4FE2-B887-B9B29C883A47}.Release|Any CPU.Build.0 = Release|Any CPU
		{5FA89CC8-A6F6-4C3A-9F2C-94A0F3F08C54}.Debug|Any CPU.ActiveCfg = Debug|Any CPU
		{5FA89CC8-A6F6-4C3A-9F2C-94A0F3F08C54}.Debug|Any CPU.Build.0 = Debug|Any CPU
		{5FA89CC8-A6F6-4C3A-9F2C-94A0F3F08C54}.Release|Any CPU.ActiveCfg = Release|Any CPU
		{5FA89CC8-A6F6-4C3A-9F2C-94A0F3F08C54}.Release|Any CPU.Build.0 = Release|Any CPU
		{AF165F03-0772-485C-A147-241D2FECC2B8}.Debug|Any CPU.ActiveCfg = Debug|Any CPU
		{AF165F03-0772-485C-A147-241D2FECC2B8}.Debug|Any CPU.Build.0 = Debug|Any CPU
		{AF165F03-0772-485C-A147-241D2FECC2B8}.Release|Any CPU.ActiveCfg = Release|Any CPU
		{AF165F03-0772-485C-A147-241D2FECC2B8}.Release|Any CPU.Build.0 = Release|Any CPU
		{3FA283A0-4557-4C97-AF0F-51DD59EA2CF5}.Debug|Any CPU.ActiveCfg = Debug|Any CPU
		{3FA283A0-4557-4C97-AF0F-51DD59EA2CF5}.Debug|Any CPU.Build.0 = Debug|Any CPU
		{3FA283A0-4557-4C97-AF0F-51DD59EA2CF5}.Release|Any CPU.ActiveCfg = Release|Any CPU
		{3FA283A0-4557-4C97-AF0F-51DD59EA2CF5}.Release|Any CPU.Build.0 = Release|Any CPU
	EndGlobalSection
	GlobalSection(SolutionProperties) = preSolution
		HideSolutionNode = FALSE
	EndGlobalSection
	GlobalSection(ExtensibilityGlobals) = postSolution
		SolutionGuid = {C24D6D01-040E-4245-A4CA-CB5588D02A90}
	EndGlobalSection
EndGlobal
