
Microsoft Visual Studio Solution File, Format Version 12.00
# Visual Studio Version 17
VisualStudioVersion = 17.3.32929.385
MinimumVisualStudioVersion = 10.0.40219.1
Project("{FAE04EC0-301F-11D3-BF4B-00C04F79EFBC}") = "Merge Strings Alternately", "Merge Strings Alternately\Merge Strings Alternately.csproj", "{8A9C78A5-9A5C-4255-9A76-9B9CF65E2E3D}"
EndProject
Project("{FAE04EC0-301F-11D3-BF4B-00C04F79EFBC}") = "Greatest Common Divisor of Strings", "Greatest Common Divisor of Strings\Greatest Common Divisor of Strings.csproj", "{C5B8ED1B-5DF0-4E99-90B9-4F69C1B24609}"
EndProject
Project("{9A19103F-16F7-4668-BE54-9A1E7A4F7556}") = "Kids With the Greatest Number of Candies", "Kids With the Greatest Number of Candies\Kids With the Greatest Number of Candies.csproj", "{345274B5-C235-451D-85DD-6F9AF16D1800}"
EndProject
Project("{9A19103F-16F7-4668-BE54-9A1E7A4F7556}") = "Can Place Flowers", "Can Place Flowers\Can Place Flowers.csproj", "{2C4BEE0C-778D-4D4C-B5E6-9CE84DEF6119}"
EndProject
Project("{9A19103F-16F7-4668-BE54-9A1E7A4F7556}") = "Reverse Vowels of a String", "Reverse Vowels of a String\Reverse Vowels of a String.csproj", "{CF8FB85D-6376-4E2B-B873-384AFE59D95F}"
EndProject
Project("{9A19103F-16F7-4668-BE54-9A1E7A4F7556}") = "Reverse Words in a String", "Reverse Words in a String\Reverse Words in a String.csproj", "{7489F8EC-4A53-4BDC-8F91-A3970EF64DA7}"
EndProject
Project("{9A19103F-16F7-4668-BE54-9A1E7A4F7556}") = "Product of Array Except Self", "Product of Array Except Self\Product of Array Except Self.csproj", "{4F42EE66-B03E-4BFE-8808-57F943B10EBB}"
EndProject
Project("{9A19103F-16F7-4668-BE54-9A1E7A4F7556}") = "Increasing Triplet Subsequence", "Increasing Triplet Subsequence\Increasing Triplet Subsequence.csproj", "{488C08AC-5595-47C3-B32B-E6BD5411F358}"
EndProject
Project("{FAE04EC0-301F-11D3-BF4B-00C04F79EFBC}") = "String Compression", "String Compression\String Compression.csproj", "{2AB4DE21-447C-4D02-B5F6-966A5ADBB770}"
EndProject
Global
	GlobalSection(SolutionConfigurationPlatforms) = preSolution
		Debug|Any CPU = Debug|Any CPU
		Release|Any CPU = Release|Any CPU
	EndGlobalSection
	GlobalSection(ProjectConfigurationPlatforms) = postSolution
		{8A9C78A5-9A5C-4255-9A76-9B9CF65E2E3D}.Debug|Any CPU.ActiveCfg = Debug|Any CPU
		{8A9C78A5-9A5C-4255-9A76-9B9CF65E2E3D}.Debug|Any CPU.Build.0 = Debug|Any CPU
		{8A9C78A5-9A5C-4255-9A76-9B9CF65E2E3D}.Release|Any CPU.ActiveCfg = Release|Any CPU
		{8A9C78A5-9A5C-4255-9A76-9B9CF65E2E3D}.Release|Any CPU.Build.0 = Release|Any CPU
		{C5B8ED1B-5DF0-4E99-90B9-4F69C1B24609}.Debug|Any CPU.ActiveCfg = Debug|Any CPU
		{C5B8ED1B-5DF0-4E99-90B9-4F69C1B24609}.Debug|Any CPU.Build.0 = Debug|Any CPU
		{C5B8ED1B-5DF0-4E99-90B9-4F69C1B24609}.Release|Any CPU.ActiveCfg = Release|Any CPU
		{C5B8ED1B-5DF0-4E99-90B9-4F69C1B24609}.Release|Any CPU.Build.0 = Release|Any CPU
		{345274B5-C235-451D-85DD-6F9AF16D1800}.Debug|Any CPU.ActiveCfg = Debug|Any CPU
		{345274B5-C235-451D-85DD-6F9AF16D1800}.Debug|Any CPU.Build.0 = Debug|Any CPU
		{345274B5-C235-451D-85DD-6F9AF16D1800}.Release|Any CPU.ActiveCfg = Release|Any CPU
		{345274B5-C235-451D-85DD-6F9AF16D1800}.Release|Any CPU.Build.0 = Release|Any CPU
		{2C4BEE0C-778D-4D4C-B5E6-9CE84DEF6119}.Debug|Any CPU.ActiveCfg = Debug|Any CPU
		{2C4BEE0C-778D-4D4C-B5E6-9CE84DEF6119}.Debug|Any CPU.Build.0 = Debug|Any CPU
		{2C4BEE0C-778D-4D4C-B5E6-9CE84DEF6119}.Release|Any CPU.ActiveCfg = Release|Any CPU
		{2C4BEE0C-778D-4D4C-B5E6-9CE84DEF6119}.Release|Any CPU.Build.0 = Release|Any CPU
		{CF8FB85D-6376-4E2B-B873-384AFE59D95F}.Debug|Any CPU.ActiveCfg = Debug|Any CPU
		{CF8FB85D-6376-4E2B-B873-384AFE59D95F}.Debug|Any CPU.Build.0 = Debug|Any CPU
		{CF8FB85D-6376-4E2B-B873-384AFE59D95F}.Release|Any CPU.ActiveCfg = Release|Any CPU
		{CF8FB85D-6376-4E2B-B873-384AFE59D95F}.Release|Any CPU.Build.0 = Release|Any CPU
		{7489F8EC-4A53-4BDC-8F91-A3970EF64DA7}.Debug|Any CPU.ActiveCfg = Debug|Any CPU
		{7489F8EC-4A53-4BDC-8F91-A3970EF64DA7}.Debug|Any CPU.Build.0 = Debug|Any CPU
		{7489F8EC-4A53-4BDC-8F91-A3970EF64DA7}.Release|Any CPU.ActiveCfg = Release|Any CPU
		{7489F8EC-4A53-4BDC-8F91-A3970EF64DA7}.Release|Any CPU.Build.0 = Release|Any CPU
		{4F42EE66-B03E-4BFE-8808-57F943B10EBB}.Debug|Any CPU.ActiveCfg = Debug|Any CPU
		{4F42EE66-B03E-4BFE-8808-57F943B10EBB}.Debug|Any CPU.Build.0 = Debug|Any CPU
		{4F42EE66-B03E-4BFE-8808-57F943B10EBB}.Release|Any CPU.ActiveCfg = Release|Any CPU
		{4F42EE66-B03E-4BFE-8808-57F943B10EBB}.Release|Any CPU.Build.0 = Release|Any CPU
		{488C08AC-5595-47C3-B32B-E6BD5411F358}.Debug|Any CPU.ActiveCfg = Debug|Any CPU
		{488C08AC-5595-47C3-B32B-E6BD5411F358}.Debug|Any CPU.Build.0 = Debug|Any CPU
		{488C08AC-5595-47C3-B32B-E6BD5411F358}.Release|Any CPU.ActiveCfg = Release|Any CPU
		{488C08AC-5595-47C3-B32B-E6BD5411F358}.Release|Any CPU.Build.0 = Release|Any CPU
		{2AB4DE21-447C-4D02-B5F6-966A5ADBB770}.Debug|Any CPU.ActiveCfg = Debug|Any CPU
		{2AB4DE21-447C-4D02-B5F6-966A5ADBB770}.Debug|Any CPU.Build.0 = Debug|Any CPU
		{2AB4DE21-447C-4D02-B5F6-966A5ADBB770}.Release|Any CPU.ActiveCfg = Release|Any CPU
		{2AB4DE21-447C-4D02-B5F6-966A5ADBB770}.Release|Any CPU.Build.0 = Release|Any CPU
	EndGlobalSection
	GlobalSection(SolutionProperties) = preSolution
		HideSolutionNode = FALSE
	EndGlobalSection
	GlobalSection(ExtensibilityGlobals) = postSolution
		SolutionGuid = {31DB9DF2-47D6-40D4-8401-4F8C5BE58CAC}
	EndGlobalSection
EndGlobal
