
Microsoft Visual Studio Solution File, Format Version 12.00
# Visual Studio Version 17
VisualStudioVersion = 17.8.34525.116
MinimumVisualStudioVersion = 10.0.40219.1
Project("{FAE04EC0-301F-11D3-BF4B-00C04F79EFBC}") = "Removing Stars From a String", "Removing Stars From a String\Removing Stars From a String.csproj", "{3D1A6EF6-F72D-4261-97ED-107EF4B25DAA}"
EndProject
Project("{FAE04EC0-301F-11D3-BF4B-00C04F79EFBC}") = "Asteroid Collision", "Asteroid Collision\Asteroid Collision.csproj", "{191E8911-BC12-4277-A4FD-894AD22FD417}"
EndProject
Project("{FAE04EC0-301F-11D3-BF4B-00C04F79EFBC}") = "Decode String", "Decode String\Decode String.csproj", "{2D3C3A3C-EBDD-4AD3-BA10-B4CAF48B7421}"
EndProject
Global
	GlobalSection(SolutionConfigurationPlatforms) = preSolution
		Debug|Any CPU = Debug|Any CPU
		Release|Any CPU = Release|Any CPU
	EndGlobalSection
	GlobalSection(ProjectConfigurationPlatforms) = postSolution
		{3D1A6EF6-F72D-4261-97ED-107EF4B25DAA}.Debug|Any CPU.ActiveCfg = Debug|Any CPU
		{3D1A6EF6-F72D-4261-97ED-107EF4B25DAA}.Debug|Any CPU.Build.0 = Debug|Any CPU
		{3D1A6EF6-F72D-4261-97ED-107EF4B25DAA}.Release|Any CPU.ActiveCfg = Release|Any CPU
		{3D1A6EF6-F72D-4261-97ED-107EF4B25DAA}.Release|Any CPU.Build.0 = Release|Any CPU
		{191E8911-BC12-4277-A4FD-894AD22FD417}.Debug|Any CPU.ActiveCfg = Debug|Any CPU
		{191E8911-BC12-4277-A4FD-894AD22FD417}.Debug|Any CPU.Build.0 = Debug|Any CPU
		{191E8911-BC12-4277-A4FD-894AD22FD417}.Release|Any CPU.ActiveCfg = Release|Any CPU
		{191E8911-BC12-4277-A4FD-894AD22FD417}.Release|Any CPU.Build.0 = Release|Any CPU
		{2D3C3A3C-EBDD-4AD3-BA10-B4CAF48B7421}.Debug|Any CPU.ActiveCfg = Debug|Any CPU
		{2D3C3A3C-EBDD-4AD3-BA10-B4CAF48B7421}.Debug|Any CPU.Build.0 = Debug|Any CPU
		{2D3C3A3C-EBDD-4AD3-BA10-B4CAF48B7421}.Release|Any CPU.ActiveCfg = Release|Any CPU
		{2D3C3A3C-EBDD-4AD3-BA10-B4CAF48B7421}.Release|Any CPU.Build.0 = Release|Any CPU
	EndGlobalSection
	GlobalSection(SolutionProperties) = preSolution
		HideSolutionNode = FALSE
	EndGlobalSection
	GlobalSection(ExtensibilityGlobals) = postSolution
		SolutionGuid = {A85B0F1A-F0DB-4202-BE8A-45312AEC7513}
	EndGlobalSection
EndGlobal
